
Microsoft Visual Studio Solution File, Format Version 12.00
# Visual Studio Version 16
VisualStudioVersion = 16.0.32126.315
MinimumVisualStudioVersion = 10.0.40219.1
Project("{FAE04EC0-301F-11D3-BF4B-00C04F79EFBC}") = "month", "month\month.csproj", "{F64AC626-C93C-4539-894F-741D292BF633}"
EndProject
Global
	GlobalSection(SolutionConfigurationPlatforms) = preSolution
		Debug|Any CPU = Debug|Any CPU
		Release|Any CPU = Release|Any CPU
	EndGlobalSection
	GlobalSection(ProjectConfigurationPlatforms) = postSolution
		{F64AC626-C93C-4539-894F-741D292BF633}.Debug|Any CPU.ActiveCfg = Debug|Any CPU
		{F64AC626-C93C-4539-894F-741D292BF633}.Debug|Any CPU.Build.0 = Debug|Any CPU
		{F64AC626-C93C-4539-894F-741D292BF633}.Release|Any CPU.ActiveCfg = Release|Any CPU
		{F64AC626-C93C-4539-894F-741D292BF633}.Release|Any CPU.Build.0 = Release|Any CPU
	EndGlobalSection
	GlobalSection(SolutionProperties) = preSolution
		HideSolutionNode = FALSE
	EndGlobalSection
	GlobalSection(ExtensibilityGlobals) = postSolution
		SolutionGuid = {009F51BD-E10E-4571-96DF-203A058B74E0}
	EndGlobalSection
EndGlobal
